# generated by rye
# use `rye lock` or `rye sync` to update this lockfile
#
# last locked with the following flags:
#   pre: false
#   features: []
#   all-features: false
#   with-sources: false

-e file:.
aniso8601==9.0.1
    # via flask-restful
apispec==6.4.0
    # via apispec-webframeworks
    # via taipy-rest
apispec-webframeworks==1.0.0
    # via taipy-rest
arrow==1.3.0
    # via cookiecutter
attrs==23.2.0
    # via automat
    # via twisted
automat==22.10.0
    # via twisted
bidict==0.23.1
    # via python-socketio
binaryornot==0.4.4
    # via cookiecutter
blinker==1.8.2
    # via flask
boto3==1.34.34
    # via taipy-core
botocore==1.34.102
    # via boto3
    # via s3transfer
certifi==2024.2.2
    # via requests
chardet==5.2.0
    # via binaryornot
charset-normalizer==3.3.2
    # via requests
click==8.1.7
    # via cookiecutter
    # via flask
constantly==23.10.4
    # via twisted
cookiecutter==2.5.0
    # via taipy
deepdiff==6.7.1
    # via taipy-config
dnspython==2.6.1
    # via pymongo
et-xmlfile==1.1.0
    # via openpyxl
flask==3.0.2
    # via flask-cors
    # via flask-restful
    # via flask-socketio
    # via taipy-gui
    # via taipy-rest
flask-cors==4.0.0
    # via taipy-gui
flask-restful==0.3.10
    # via taipy-rest
flask-socketio==5.3.6
    # via taipy-gui
gevent==23.9.1
    # via gevent-websocket
    # via taipy-gui
gevent-websocket==0.10.1
    # via taipy-gui
gitignore-parser==0.1.11
    # via taipy-gui
greenlet==3.0.3
    # via gevent
    # via sqlalchemy
gunicorn==22.0.0
h11==0.14.0
    # via wsproto
hyperlink==21.0.0
    # via twisted
idna==3.7
    # via hyperlink
    # via requests
incremental==22.10.0
    # via twisted
itsdangerous==2.2.0
    # via flask
jinja2==3.1.4
    # via cookiecutter
    # via flask
jmespath==1.0.1
    # via boto3
    # via botocore
kthread==0.2.3
    # via taipy-gui
markdown==3.5.2
    # via taipy-gui
markdown-it-py==3.0.0
    # via rich
markupsafe==2.1.5
    # via jinja2
    # via werkzeug
marshmallow==3.20.2
    # via taipy-rest
mdurl==0.1.2
    # via markdown-it-py
networkx==3.2.1
    # via taipy-core
numpy==1.26.4
    # via pandas
    # via pyarrow
openpyxl==3.1.2
    # via taipy-core
ordered-set==4.1.0
    # via deepdiff
packaging==24.0
    # via apispec
    # via gunicorn
    # via marshmallow
pandas==2.2.0
    # via taipy-core
    # via taipy-gui
passlib==1.7.4
    # via taipy-rest
pyarrow==15.0.0
    # via taipy-core
pygments==2.18.0
    # via rich
pymongo==4.6.1
    # via taipy-core
python-dateutil==2.9.0.post0
    # via arrow
    # via botocore
    # via pandas
python-dotenv==1.0.1
    # via taipy-gui
python-engineio==4.9.0
    # via python-socketio
python-slugify==8.0.4
    # via cookiecutter
python-socketio==5.11.2
    # via flask-socketio
pytz==2023.3.post1
    # via flask-restful
    # via pandas
    # via taipy-gui
pyyaml==6.0.1
    # via apispec
    # via cookiecutter
requests==2.31.0
    # via cookiecutter
rich==13.7.1
    # via cookiecutter
s3transfer==0.10.1
    # via boto3
setuptools==69.5.1
    # via zope-event
    # via zope-interface
simple-websocket==1.0.0
    # via python-engineio
    # via taipy-gui
six==1.16.0
    # via automat
    # via flask-restful
    # via python-dateutil
sqlalchemy==2.0.25
    # via taipy-core
taipy==3.1.1
taipy-config==3.1.1
    # via taipy-core
    # via taipy-gui
taipy-core==3.1.1
    # via taipy-rest
taipy-gui==3.1.2
    # via taipy
taipy-rest==3.1.1
    # via taipy
taipy-templates==3.1.1
    # via taipy
text-unidecode==1.3
    # via python-slugify
toml==0.10.2
    # via taipy-config
    # via taipy-core
twisted==23.10.0
    # via taipy-gui
types-python-dateutil==2.9.0.20240316
    # via arrow
typing-extensions==4.11.0
    # via sqlalchemy
    # via twisted
tzdata==2024.1
    # via pandas
tzlocal==5.2
    # via taipy-gui
urllib3==2.2.1
    # via botocore
    # via requests
werkzeug==3.0.3
    # via flask
wsproto==1.2.0
    # via simple-websocket
zope-event==5.0
    # via gevent
zope-interface==6.3
    # via gevent
    # via twisted
